
Microsoft Visual Studio Solution File, Format Version 12.00
# Visual Studio Version 17
VisualStudioVersion = 17.0.31903.59
MinimumVisualStudioVersion = 10.0.40219.1
Project("{FAE04EC0-301F-11D3-BF4B-00C04F79EFBC}") = "Schowek.Shared.Core", "Schowek.Shared.Core\Schowek.Shared.Core.csproj", "{4BAEA2D5-75E4-403A-B081-C47B4BE1FE6A}"
EndProject
Project("{FAE04EC0-301F-11D3-BF4B-00C04F79EFBC}") = "Schowek.Client.WebAPI", "Schowek.Client.WebAPI\Schowek.Client.WebAPI.csproj", "{586D8D18-48CA-430B-810B-6400FFCEDC12}"
EndProject
Project("{FAE04EC0-301F-11D3-BF4B-00C04F79EFBC}") = "Schowek.Client.BlazorWASM", "Schowek.Client.BlazorWASM\Schowek.Client.BlazorWASM.csproj", "{F40B77A0-F3FA-42B5-8C71-B3A8172CEBCE}"
EndProject
Project("{FAE04EC0-301F-11D3-BF4B-00C04F79EFBC}") = "Schowek.Shared.Infrastructure", "Schowek.Shared.Infrastructure\Schowek.Shared.Infrastructure.csproj", "{D293654B-77CE-4461-9D58-C2BEF268EFDF}"
EndProject
Global
	GlobalSection(SolutionConfigurationPlatforms) = preSolution
		Debug|Any CPU = Debug|Any CPU
		Release|Any CPU = Release|Any CPU
	EndGlobalSection
	GlobalSection(ProjectConfigurationPlatforms) = postSolution
		{4BAEA2D5-75E4-403A-B081-C47B4BE1FE6A}.Debug|Any CPU.ActiveCfg = Debug|Any CPU
		{4BAEA2D5-75E4-403A-B081-C47B4BE1FE6A}.Debug|Any CPU.Build.0 = Debug|Any CPU
		{4BAEA2D5-75E4-403A-B081-C47B4BE1FE6A}.Release|Any CPU.ActiveCfg = Release|Any CPU
		{4BAEA2D5-75E4-403A-B081-C47B4BE1FE6A}.Release|Any CPU.Build.0 = Release|Any CPU
		{586D8D18-48CA-430B-810B-6400FFCEDC12}.Debug|Any CPU.ActiveCfg = Debug|Any CPU
		{586D8D18-48CA-430B-810B-6400FFCEDC12}.Debug|Any CPU.Build.0 = Debug|Any CPU
		{586D8D18-48CA-430B-810B-6400FFCEDC12}.Release|Any CPU.ActiveCfg = Release|Any CPU
		{586D8D18-48CA-430B-810B-6400FFCEDC12}.Release|Any CPU.Build.0 = Release|Any CPU
		{F40B77A0-F3FA-42B5-8C71-B3A8172CEBCE}.Debug|Any CPU.ActiveCfg = Debug|Any CPU
		{F40B77A0-F3FA-42B5-8C71-B3A8172CEBCE}.Debug|Any CPU.Build.0 = Debug|Any CPU
		{F40B77A0-F3FA-42B5-8C71-B3A8172CEBCE}.Release|Any CPU.ActiveCfg = Release|Any CPU
		{F40B77A0-F3FA-42B5-8C71-B3A8172CEBCE}.Release|Any CPU.Build.0 = Release|Any CPU
		{D293654B-77CE-4461-9D58-C2BEF268EFDF}.Debug|Any CPU.ActiveCfg = Debug|Any CPU
		{D293654B-77CE-4461-9D58-C2BEF268EFDF}.Debug|Any CPU.Build.0 = Debug|Any CPU
		{D293654B-77CE-4461-9D58-C2BEF268EFDF}.Release|Any CPU.ActiveCfg = Release|Any CPU
		{D293654B-77CE-4461-9D58-C2BEF268EFDF}.Release|Any CPU.Build.0 = Release|Any CPU
	EndGlobalSection
	GlobalSection(SolutionProperties) = preSolution
		HideSolutionNode = FALSE
	EndGlobalSection
EndGlobal
