
Microsoft Visual Studio Solution File, Format Version 12.00
# Visual Studio Version 17
VisualStudioVersion = 17.0.31903.59
MinimumVisualStudioVersion = 10.0.40219.1
Project("{FAE04EC0-301F-11D3-BF4B-00C04F79EFBC}") = "Schowek.Library", "Schowek.Library\Schowek.Library.csproj", "{4BAEA2D5-75E4-403A-B081-C47B4BE1FE6A}"
EndProject
Project("{FAE04EC0-301F-11D3-BF4B-00C04F79EFBC}") = "SchowekAPI", "SchowekAPI\SchowekAPI.csproj", "{586D8D18-48CA-430B-810B-6400FFCEDC12}"
EndProject
Global
	GlobalSection(SolutionConfigurationPlatforms) = preSolution
		Debug|Any CPU = Debug|Any CPU
		Release|Any CPU = Release|Any CPU
	EndGlobalSection
	GlobalSection(SolutionProperties) = preSolution
		HideSolutionNode = FALSE
	EndGlobalSection
	GlobalSection(ProjectConfigurationPlatforms) = postSolution
		{4BAEA2D5-75E4-403A-B081-C47B4BE1FE6A}.Debug|Any CPU.ActiveCfg = Debug|Any CPU
		{4BAEA2D5-75E4-403A-B081-C47B4BE1FE6A}.Debug|Any CPU.Build.0 = Debug|Any CPU
		{4BAEA2D5-75E4-403A-B081-C47B4BE1FE6A}.Release|Any CPU.ActiveCfg = Release|Any CPU
		{4BAEA2D5-75E4-403A-B081-C47B4BE1FE6A}.Release|Any CPU.Build.0 = Release|Any CPU
		{586D8D18-48CA-430B-810B-6400FFCEDC12}.Debug|Any CPU.ActiveCfg = Debug|Any CPU
		{586D8D18-48CA-430B-810B-6400FFCEDC12}.Debug|Any CPU.Build.0 = Debug|Any CPU
		{586D8D18-48CA-430B-810B-6400FFCEDC12}.Release|Any CPU.ActiveCfg = Release|Any CPU
		{586D8D18-48CA-430B-810B-6400FFCEDC12}.Release|Any CPU.Build.0 = Release|Any CPU
	EndGlobalSection
EndGlobal
